
Microsoft Visual Studio Solution File, Format Version 12.00
# Visual Studio Version 17
VisualStudioVersion = 17.3.32901.215
MinimumVisualStudioVersion = 10.0.40219.1
Project("{FAE04EC0-301F-11D3-BF4B-00C04F79EFBC}") = "2Din3D", "2Din3D.csproj", "{60A3625A-2EBF-40EB-B912-3CE26E6462D8}"
EndProject
Global
	GlobalSection(SolutionConfigurationPlatforms) = preSolution
		Debug|Any CPU = Debug|Any CPU
		Release|Any CPU = Release|Any CPU
	EndGlobalSection
	GlobalSection(ProjectConfigurationPlatforms) = postSolution
		{60A3625A-2EBF-40EB-B912-3CE26E6462D8}.Debug|Any CPU.ActiveCfg = Debug|Any CPU
		{60A3625A-2EBF-40EB-B912-3CE26E6462D8}.Debug|Any CPU.Build.0 = Debug|Any CPU
		{60A3625A-2EBF-40EB-B912-3CE26E6462D8}.Release|Any CPU.ActiveCfg = Release|Any CPU
		{60A3625A-2EBF-40EB-B912-3CE26E6462D8}.Release|Any CPU.Build.0 = Release|Any CPU
	EndGlobalSection
	GlobalSection(SolutionProperties) = preSolution
		HideSolutionNode = FALSE
	EndGlobalSection
	GlobalSection(ExtensibilityGlobals) = postSolution
		SolutionGuid = {0ED20A1B-4776-419E-BE86-D92A3ED0CB09}
	EndGlobalSection
EndGlobal
