
Microsoft Visual Studio Solution File, Format Version 12.00
# Visual Studio Version 17
VisualStudioVersion = 17.3.32901.215
MinimumVisualStudioVersion = 10.0.40219.1
Project("{FAE04EC0-301F-11D3-BF4B-00C04F79EFBC}") = "AfterImage", "AfterImage.csproj", "{84D8BCEC-553F-4D6A-ABDE-E3D7BC2F45AF}"
EndProject
Global
	GlobalSection(SolutionConfigurationPlatforms) = preSolution
		Debug|Any CPU = Debug|Any CPU
		Release|Any CPU = Release|Any CPU
	EndGlobalSection
	GlobalSection(ProjectConfigurationPlatforms) = postSolution
		{84D8BCEC-553F-4D6A-ABDE-E3D7BC2F45AF}.Debug|Any CPU.ActiveCfg = Debug|Any CPU
		{84D8BCEC-553F-4D6A-ABDE-E3D7BC2F45AF}.Debug|Any CPU.Build.0 = Debug|Any CPU
		{84D8BCEC-553F-4D6A-ABDE-E3D7BC2F45AF}.Release|Any CPU.ActiveCfg = Release|Any CPU
		{84D8BCEC-553F-4D6A-ABDE-E3D7BC2F45AF}.Release|Any CPU.Build.0 = Release|Any CPU
	EndGlobalSection
	GlobalSection(SolutionProperties) = preSolution
		HideSolutionNode = FALSE
	EndGlobalSection
	GlobalSection(ExtensibilityGlobals) = postSolution
		SolutionGuid = {64BA7EF0-4E63-4BC8-A5A2-C8A143A5A8A6}
	EndGlobalSection
EndGlobal
