
Microsoft Visual Studio Solution File, Format Version 12.00
# Visual Studio Version 17
VisualStudioVersion = 17.3.32901.215
MinimumVisualStudioVersion = 10.0.40219.1
Project("{FAE04EC0-301F-11D3-BF4B-00C04F79EFBC}") = "3D_Programming", "3D_Programming.csproj", "{A9816D0A-8CC2-4964-8E58-94E4D86EE9F7}"
EndProject
Global
	GlobalSection(SolutionConfigurationPlatforms) = preSolution
		Debug|Any CPU = Debug|Any CPU
		Release|Any CPU = Release|Any CPU
	EndGlobalSection
	GlobalSection(ProjectConfigurationPlatforms) = postSolution
		{A9816D0A-8CC2-4964-8E58-94E4D86EE9F7}.Debug|Any CPU.ActiveCfg = Debug|Any CPU
		{A9816D0A-8CC2-4964-8E58-94E4D86EE9F7}.Debug|Any CPU.Build.0 = Debug|Any CPU
		{A9816D0A-8CC2-4964-8E58-94E4D86EE9F7}.Release|Any CPU.ActiveCfg = Release|Any CPU
		{A9816D0A-8CC2-4964-8E58-94E4D86EE9F7}.Release|Any CPU.Build.0 = Release|Any CPU
	EndGlobalSection
	GlobalSection(SolutionProperties) = preSolution
		HideSolutionNode = FALSE
	EndGlobalSection
	GlobalSection(ExtensibilityGlobals) = postSolution
		SolutionGuid = {F4E8C99B-D011-410D-BEA1-9577BC19283F}
	EndGlobalSection
EndGlobal
